// !$*UTF8*$!
{
	archiveVersion = 1;
	classes = {
	};
	objectVersion = 56;
	objects = {

/* Begin PBXBuildFile section */
		91E338C02A20BE3C0064E095 /* ASHTWINApp.swift in Sources */ = {isa = PBXBuildFile; fileRef = 91E338BF2A20BE3C0064E095 /* ASHTWINApp.swift */; };
		91E338C22A20BE3C0064E095 /* ContentView.swift in Sources */ = {isa = PBXBuildFile; fileRef = 91E338C12A20BE3C0064E095 /* ContentView.swift */; };
		91E338C42A20BE3D0064E095 /* Assets.xcassets in Resources */ = {isa = PBXBuildFile; fileRef = 91E338C32A20BE3D0064E095 /* Assets.xcassets */; };
		91E338C82A20BE3D0064E095 /* Preview Assets.xcassets in Resources */ = {isa = PBXBuildFile; fileRef = 91E338C72A20BE3D0064E095 /* Preview Assets.xcassets */; };
		91E338D22A20BE3D0064E095 /* ASHTWINTests.swift in Sources */ = {isa = PBXBuildFile; fileRef = 91E338D12A20BE3D0064E095 /* ASHTWINTests.swift */; };
		91E338DC2A20BE3D0064E095 /* ASHTWINUITests.swift in Sources */ = {isa = PBXBuildFile; fileRef = 91E338DB2A20BE3D0064E095 /* ASHTWINUITests.swift */; };
		91E338DE2A20BE3D0064E095 /* ASHTWINUITestsLaunchTests.swift in Sources */ = {isa = PBXBuildFile; fileRef = 91E338DD2A20BE3D0064E095 /* ASHTWINUITestsLaunchTests.swift */; };
/* End PBXBuildFile section */

/* Begin PBXContainerItemProxy section */
		91E338CE2A20BE3D0064E095 /* PBXContainerItemProxy */ = {
			isa = PBXContainerItemProxy;
			containerPortal = 91E338B42A20BE3C0064E095 /* Project object */;
			proxyType = 1;
			remoteGlobalIDString = 91E338BB2A20BE3C0064E095;
			remoteInfo = ASHTWIN;
		};
		91E338D82A20BE3D0064E095 /* PBXContainerItemProxy */ = {
			isa = PBXContainerItemProxy;
			containerPortal = 91E338B42A20BE3C0064E095 /* Project object */;
			proxyType = 1;
			remoteGlobalIDString = 91E338BB2A20BE3C0064E095;
			remoteInfo = ASHTWIN;
		};
/* End PBXContainerItemProxy section */

/* Begin PBXFileReference section */
		91E338BC2A20BE3C0064E095 /* ASHTWIN.app */ = {isa = PBXFileReference; explicitFileType = wrapper.application; includeInIndex = 0; path = ASHTWIN.app; sourceTree = BUILT_PRODUCTS_DIR; };
		91E338BF2A20BE3C0064E095 /* ASHTWINApp.swift */ = {isa = PBXFileReference; lastKnownFileType = sourcecode.swift; path = ASHTWINApp.swift; sourceTree = "<group>"; };
		91E338C12A20BE3C0064E095 /* ContentView.swift */ = {isa = PBXFileReference; lastKnownFileType = sourcecode.swift; path = ContentView.swift; sourceTree = "<group>"; };
		91E338C32A20BE3D0064E095 /* Assets.xcassets */ = {isa = PBXFileReference; lastKnownFileType = folder.assetcatalog; path = Assets.xcassets; sourceTree = "<group>"; };
		91E338C52A20BE3D0064E095 /* ASHTWIN.entitlements */ = {isa = PBXFileReference; lastKnownFileType = text.plist.entitlements; path = ASHTWIN.entitlements; sourceTree = "<group>"; };
		91E338C72A20BE3D0064E095 /* Preview Assets.xcassets */ = {isa = PBXFileReference; lastKnownFileType = folder.assetcatalog; path = "Preview Assets.xcassets"; sourceTree = "<group>"; };
		91E338CD2A20BE3D0064E095 /* ASHTWINTests.xctest */ = {isa = PBXFileReference; explicitFileType = wrapper.cfbundle; includeInIndex = 0; path = ASHTWINTests.xctest; sourceTree = BUILT_PRODUCTS_DIR; };
		91E338D12A20BE3D0064E095 /* ASHTWINTests.swift */ = {isa = PBXFileReference; lastKnownFileType = sourcecode.swift; path = ASHTWINTests.swift; sourceTree = "<group>"; };
		91E338D72A20BE3D0064E095 /* ASHTWINUITests.xctest */ = {isa = PBXFileReference; explicitFileType = wrapper.cfbundle; includeInIndex = 0; path = ASHTWINUITests.xctest; sourceTree = BUILT_PRODUCTS_DIR; };
		91E338DB2A20BE3D0064E095 /* ASHTWINUITests.swift */ = {isa = PBXFileReference; lastKnownFileType = sourcecode.swift; path = ASHTWINUITests.swift; sourceTree = "<group>"; };
		91E338DD2A20BE3D0064E095 /* ASHTWINUITestsLaunchTests.swift */ = {isa = PBXFileReference; lastKnownFileType = sourcecode.swift; path = ASHTWINUITestsLaunchTests.swift; sourceTree = "<group>"; };
/* End PBXFileReference section */

/* Begin PBXFrameworksBuildPhase section */
		91E338B92A20BE3C0064E095 /* Frameworks */ = {
			isa = PBXFrameworksBuildPhase;
			buildActionMask = 2147483647;
			files = (
			);
			runOnlyForDeploymentPostprocessing = 0;
		};
		91E338CA2A20BE3D0064E095 /* Frameworks */ = {
			isa = PBXFrameworksBuildPhase;
			buildActionMask = 2147483647;
			files = (
			);
			runOnlyForDeploymentPostprocessing = 0;
		};
		91E338D42A20BE3D0064E095 /* Frameworks */ = {
			isa = PBXFrameworksBuildPhase;
			buildActionMask = 2147483647;
			files = (
			);
			runOnlyForDeploymentPostprocessing = 0;
		};
/* End PBXFrameworksBuildPhase section */

/* Begin PBXGroup section */
		91E338B32A20BE3C0064E095 = {
			isa = PBXGroup;
			children = (
				91E338BE2A20BE3C0064E095 /* ASHTWIN */,
				91E338D02A20BE3D0064E095 /* ASHTWINTests */,
				91E338DA2A20BE3D0064E095 /* ASHTWINUITests */,
				91E338BD2A20BE3C0064E095 /* Products */,
			);
			sourceTree = "<group>";
		};
		91E338BD2A20BE3C0064E095 /* Products */ = {
			isa = PBXGroup;
			children = (
				91E338BC2A20BE3C0064E095 /* ASHTWIN.app */,
				91E338CD2A20BE3D0064E095 /* ASHTWINTests.xctest */,
				91E338D72A20BE3D0064E095 /* ASHTWINUITests.xctest */,
			);
			name = Products;
			sourceTree = "<group>";
		};
		91E338BE2A20BE3C0064E095 /* ASHTWIN */ = {
			isa = PBXGroup;
			children = (
				91E338BF2A20BE3C0064E095 /* ASHTWINApp.swift */,
				91E338C12A20BE3C0064E095 /* ContentView.swift */,
				91E338C32A20BE3D0064E095 /* Assets.xcassets */,
				91E338C52A20BE3D0064E095 /* ASHTWIN.entitlements */,
				91E338C62A20BE3D0064E095 /* Preview Content */,
			);
			path = ASHTWIN;
			sourceTree = "<group>";
		};
		91E338C62A20BE3D0064E095 /* Preview Content */ = {
			isa = PBXGroup;
			children = (
				91E338C72A20BE3D0064E095 /* Preview Assets.xcassets */,
			);
			path = "Preview Content";
			sourceTree = "<group>";
		};
		91E338D02A20BE3D0064E095 /* ASHTWINTests */ = {
			isa = PBXGroup;
			children = (
				91E338D12A20BE3D0064E095 /* ASHTWINTests.swift */,
			);
			path = ASHTWINTests;
			sourceTree = "<group>";
		};
		91E338DA2A20BE3D0064E095 /* ASHTWINUITests */ = {
			isa = PBXGroup;
			children = (
				91E338DB2A20BE3D0064E095 /* ASHTWINUITests.swift */,
				91E338DD2A20BE3D0064E095 /* ASHTWINUITestsLaunchTests.swift */,
			);
			path = ASHTWINUITests;
			sourceTree = "<group>";
		};
/* End PBXGroup section */

/* Begin PBXNativeTarget section */
		91E338BB2A20BE3C0064E095 /* ASHTWIN */ = {
			isa = PBXNativeTarget;
			buildConfigurationList = 91E338E12A20BE3D0064E095 /* Build configuration list for PBXNativeTarget "ASHTWIN" */;
			buildPhases = (
				91E338B82A20BE3C0064E095 /* Sources */,
				91E338B92A20BE3C0064E095 /* Frameworks */,
				91E338BA2A20BE3C0064E095 /* Resources */,
			);
			buildRules = (
			);
			dependencies = (
			);
			name = ASHTWIN;
			productName = ASHTWIN;
			productReference = 91E338BC2A20BE3C0064E095 /* ASHTWIN.app */;
			productType = "com.apple.product-type.application";
		};
		91E338CC2A20BE3D0064E095 /* ASHTWINTests */ = {
			isa = PBXNativeTarget;
			buildConfigurationList = 91E338E42A20BE3D0064E095 /* Build configuration list for PBXNativeTarget "ASHTWINTests" */;
			buildPhases = (
				91E338C92A20BE3D0064E095 /* Sources */,
				91E338CA2A20BE3D0064E095 /* Frameworks */,
				91E338CB2A20BE3D0064E095 /* Resources */,
			);
			buildRules = (
			);
			dependencies = (
				91E338CF2A20BE3D0064E095 /* PBXTargetDependency */,
			);
			name = ASHTWINTests;
			productName = ASHTWINTests;
			productReference = 91E338CD2A20BE3D0064E095 /* ASHTWINTests.xctest */;
			productType = "com.apple.product-type.bundle.unit-test";
		};
		91E338D62A20BE3D0064E095 /* ASHTWINUITests */ = {
			isa = PBXNativeTarget;
			buildConfigurationList = 91E338E72A20BE3D0064E095 /* Build configuration list for PBXNativeTarget "ASHTWINUITests" */;
			buildPhases = (
				91E338D32A20BE3D0064E095 /* Sources */,
				91E338D42A20BE3D0064E095 /* Frameworks */,
				91E338D52A20BE3D0064E095 /* Resources */,
			);
			buildRules = (
			);
			dependencies = (
				91E338D92A20BE3D0064E095 /* PBXTargetDependency */,
			);
			name = ASHTWINUITests;
			productName = ASHTWINUITests;
			productReference = 91E338D72A20BE3D0064E095 /* ASHTWINUITests.xctest */;
			productType = "com.apple.product-type.bundle.ui-testing";
		};
/* End PBXNativeTarget section */

/* Begin PBXProject section */
		91E338B42A20BE3C0064E095 /* Project object */ = {
			isa = PBXProject;
			attributes = {
				BuildIndependentTargetsInParallel = 1;
				LastSwiftUpdateCheck = 1430;
				LastUpgradeCheck = 1430;
				TargetAttributes = {
					91E338BB2A20BE3C0064E095 = {
						CreatedOnToolsVersion = 14.3;
					};
					91E338CC2A20BE3D0064E095 = {
						CreatedOnToolsVersion = 14.3;
						TestTargetID = 91E338BB2A20BE3C0064E095;
					};
					91E338D62A20BE3D0064E095 = {
						CreatedOnToolsVersion = 14.3;
						TestTargetID = 91E338BB2A20BE3C0064E095;
					};
				};
			};
			buildConfigurationList = 91E338B72A20BE3C0064E095 /* Build configuration list for PBXProject "ASHTWIN" */;
			compatibilityVersion = "Xcode 14.0";
			developmentRegion = en;
			hasScannedForEncodings = 0;
			knownRegions = (
				en,
				Base,
			);
			mainGroup = 91E338B32A20BE3C0064E095;
			productRefGroup = 91E338BD2A20BE3C0064E095 /* Products */;
			projectDirPath = "";
			projectRoot = "";
			targets = (
				91E338BB2A20BE3C0064E095 /* ASHTWIN */,
				91E338CC2A20BE3D0064E095 /* ASHTWINTests */,
				91E338D62A20BE3D0064E095 /* ASHTWINUITests */,
			);
		};
/* End PBXProject section */

/* Begin PBXResourcesBuildPhase section */
		91E338BA2A20BE3C0064E095 /* Resources */ = {
			isa = PBXResourcesBuildPhase;
			buildActionMask = 2147483647;
			files = (
				91E338C82A20BE3D0064E095 /* Preview Assets.xcassets in Resources */,
				91E338C42A20BE3D0064E095 /* Assets.xcassets in Resources */,
			);
			runOnlyForDeploymentPostprocessing = 0;
		};
		91E338CB2A20BE3D0064E095 /* Resources */ = {
			isa = PBXResourcesBuildPhase;
			buildActionMask = 2147483647;
			files = (
			);
			runOnlyForDeploymentPostprocessing = 0;
		};
		91E338D52A20BE3D0064E095 /* Resources */ = {
			isa = PBXResourcesBuildPhase;
			buildActionMask = 2147483647;
			files = (
			);
			runOnlyForDeploymentPostprocessing = 0;
		};
/* End PBXResourcesBuildPhase section */

/* Begin PBXSourcesBuildPhase section */
		91E338B82A20BE3C0064E095 /* Sources */ = {
			isa = PBXSourcesBuildPhase;
			buildActionMask = 2147483647;
			files = (
				91E338C22A20BE3C0064E095 /* ContentView.swift in Sources */,
				91E338C02A20BE3C0064E095 /* ASHTWINApp.swift in Sources */,
			);
			runOnlyForDeploymentPostprocessing = 0;
		};
		91E338C92A20BE3D0064E095 /* Sources */ = {
			isa = PBXSourcesBuildPhase;
			buildActionMask = 2147483647;
			files = (
				91E338D22A20BE3D0064E095 /* ASHTWINTests.swift in Sources */,
			);
			runOnlyForDeploymentPostprocessing = 0;
		};
		91E338D32A20BE3D0064E095 /* Sources */ = {
			isa = PBXSourcesBuildPhase;
			buildActionMask = 2147483647;
			files = (
				91E338DC2A20BE3D0064E095 /* ASHTWINUITests.swift in Sources */,
				91E338DE2A20BE3D0064E095 /* ASHTWINUITestsLaunchTests.swift in Sources */,
			);
			runOnlyForDeploymentPostprocessing = 0;
		};
/* End PBXSourcesBuildPhase section */

/* Begin PBXTargetDependency section */
		91E338CF2A20BE3D0064E095 /* PBXTargetDependency */ = {
			isa = PBXTargetDependency;
			target = 91E338BB2A20BE3C0064E095 /* ASHTWIN */;
			targetProxy = 91E338CE2A20BE3D0064E095 /* PBXContainerItemProxy */;
		};
		91E338D92A20BE3D0064E095 /* PBXTargetDependency */ = {
			isa = PBXTargetDependency;
			target = 91E338BB2A20BE3C0064E095 /* ASHTWIN */;
			targetProxy = 91E338D82A20BE3D0064E095 /* PBXContainerItemProxy */;
		};
/* End PBXTargetDependency section */

/* Begin XCBuildConfiguration section */
		91E338DF2A20BE3D0064E095 /* Debug */ = {
			isa = XCBuildConfiguration;
			buildSettings = {
				ALWAYS_SEARCH_USER_PATHS = NO;
				CLANG_ANALYZER_NONNULL = YES;
				CLANG_ANALYZER_NUMBER_OBJECT_CONVERSION = YES_AGGRESSIVE;
				CLANG_CXX_LANGUAGE_STANDARD = "gnu++20";
				CLANG_ENABLE_MODULES = YES;
				CLANG_ENABLE_OBJC_ARC = YES;
				CLANG_ENABLE_OBJC_WEAK = YES;
				CLANG_WARN_BLOCK_CAPTURE_AUTORELEASING = YES;
				CLANG_WARN_BOOL_CONVERSION = YES;
				CLANG_WARN_COMMA = YES;
				CLANG_WARN_CONSTANT_CONVERSION = YES;
				CLANG_WARN_DEPRECATED_OBJC_IMPLEMENTATIONS = YES;
				CLANG_WARN_DIRECT_OBJC_ISA_USAGE = YES_ERROR;
				CLANG_WARN_DOCUMENTATION_COMMENTS = YES;
				CLANG_WARN_EMPTY_BODY = YES;
				CLANG_WARN_ENUM_CONVERSION = YES;
				CLANG_WARN_INFINITE_RECURSION = YES;
				CLANG_WARN_INT_CONVERSION = YES;
				CLANG_WARN_NON_LITERAL_NULL_CONVERSION = YES;
				CLANG_WARN_OBJC_IMPLICIT_RETAIN_SELF = YES;
				CLANG_WARN_OBJC_LITERAL_CONVERSION = YES;
				CLANG_WARN_OBJC_ROOT_CLASS = YES_ERROR;
				CLANG_WARN_QUOTED_INCLUDE_IN_FRAMEWORK_HEADER = YES;
				CLANG_WARN_RANGE_LOOP_ANALYSIS = YES;
				CLANG_WARN_STRICT_PROTOTYPES = YES;
				CLANG_WARN_SUSPICIOUS_MOVE = YES;
				CLANG_WARN_UNGUARDED_AVAILABILITY = YES_AGGRESSIVE;
				CLANG_WARN_UNREACHABLE_CODE = YES;
				CLANG_WARN__DUPLICATE_METHOD_MATCH = YES;
				COPY_PHASE_STRIP = NO;
				DEBUG_INFORMATION_FORMAT = dwarf;
				ENABLE_STRICT_OBJC_MSGSEND = YES;
				ENABLE_TESTABILITY = YES;
				GCC_C_LANGUAGE_STANDARD = gnu11;
				GCC_DYNAMIC_NO_PIC = NO;
				GCC_NO_COMMON_BLOCKS = YES;
				GCC_OPTIMIZATION_LEVEL = 0;
				GCC_PREPROCESSOR_DEFINITIONS = (
					"DEBUG=1",
					"$(inherited)",
				);
				GCC_WARN_64_TO_32_BIT_CONVERSION = YES;
				GCC_WARN_ABOUT_RETURN_TYPE = YES_ERROR;
				GCC_WARN_UNDECLARED_SELECTOR = YES;
				GCC_WARN_UNINITIALIZED_AUTOS = YES_AGGRESSIVE;
				GCC_WARN_UNUSED_FUNCTION = YES;
				GCC_WARN_UNUSED_VARIABLE = YES;
				MTL_ENABLE_DEBUG_INFO = INCLUDE_SOURCE;
				MTL_FAST_MATH = YES;
				ONLY_ACTIVE_ARCH = YES;
				SWIFT_ACTIVE_COMPILATION_CONDITIONS = DEBUG;
				SWIFT_OPTIMIZATION_LEVEL = "-Onone";
			};
			name = Debug;
		};
		91E338E02A20BE3D0064E095 /* Release */ = {
			isa = XCBuildConfiguration;
			buildSettings = {
				ALWAYS_SEARCH_USER_PATHS = NO;
				CLANG_ANALYZER_NONNULL = YES;
				CLANG_ANALYZER_NUMBER_OBJECT_CONVERSION = YES_AGGRESSIVE;
				CLANG_CXX_LANGUAGE_STANDARD = "gnu++20";
				CLANG_ENABLE_MODULES = YES;
				CLANG_ENABLE_OBJC_ARC = YES;
				CLANG_ENABLE_OBJC_WEAK = YES;
				CLANG_WARN_BLOCK_CAPTURE_AUTORELEASING = YES;
				CLANG_WARN_BOOL_CONVERSION = YES;
				CLANG_WARN_COMMA = YES;
				CLANG_WARN_CONSTANT_CONVERSION = YES;
				CLANG_WARN_DEPRECATED_OBJC_IMPLEMENTATIONS = YES;
				CLANG_WARN_DIRECT_OBJC_ISA_USAGE = YES_ERROR;
				CLANG_WARN_DOCUMENTATION_COMMENTS = YES;
				CLANG_WARN_EMPTY_BODY = YES;
				CLANG_WARN_ENUM_CONVERSION = YES;
				CLANG_WARN_INFINITE_RECURSION = YES;
				CLANG_WARN_INT_CONVERSION = YES;
				CLANG_WARN_NON_LITERAL_NULL_CONVERSION = YES;
				CLANG_WARN_OBJC_IMPLICIT_RETAIN_SELF = YES;
				CLANG_WARN_OBJC_LITERAL_CONVERSION = YES;
				CLANG_WARN_OBJC_ROOT_CLASS = YES_ERROR;
				CLANG_WARN_QUOTED_INCLUDE_IN_FRAMEWORK_HEADER = YES;
				CLANG_WARN_RANGE_LOOP_ANALYSIS = YES;
				CLANG_WARN_STRICT_PROTOTYPES = YES;
				CLANG_WARN_SUSPICIOUS_MOVE = YES;
				CLANG_WARN_UNGUARDED_AVAILABILITY = YES_AGGRESSIVE;
				CLANG_WARN_UNREACHABLE_CODE = YES;
				CLANG_WARN__DUPLICATE_METHOD_MATCH = YES;
				COPY_PHASE_STRIP = NO;
				DEBUG_INFORMATION_FORMAT = "dwarf-with-dsym";
				ENABLE_NS_ASSERTIONS = NO;
				ENABLE_STRICT_OBJC_MSGSEND = YES;
				GCC_C_LANGUAGE_STANDARD = gnu11;
				GCC_NO_COMMON_BLOCKS = YES;
				GCC_WARN_64_TO_32_BIT_CONVERSION = YES;
				GCC_WARN_ABOUT_RETURN_TYPE = YES_ERROR;
				GCC_WARN_UNDECLARED_SELECTOR = YES;
				GCC_WARN_UNINITIALIZED_AUTOS = YES_AGGRESSIVE;
				GCC_WARN_UNUSED_FUNCTION = YES;
				GCC_WARN_UNUSED_VARIABLE = YES;
				MTL_ENABLE_DEBUG_INFO = NO;
				MTL_FAST_MATH = YES;
				SWIFT_COMPILATION_MODE = wholemodule;
				SWIFT_OPTIMIZATION_LEVEL = "-O";
			};
			name = Release;
		};
		91E338E22A20BE3D0064E095 /* Debug */ = {
			isa = XCBuildConfiguration;
			buildSettings = {
				ASSETCATALOG_COMPILER_APPICON_NAME = AppIcon;
				ASSETCATALOG_COMPILER_GLOBAL_ACCENT_COLOR_NAME = AccentColor;
				CODE_SIGN_ENTITLEMENTS = ASHTWIN/ASHTWIN.entitlements;
				CODE_SIGN_STYLE = Automatic;
				CURRENT_PROJECT_VERSION = 1;
				DEVELOPMENT_ASSET_PATHS = "\"ASHTWIN/Preview Content\"";
				ENABLE_PREVIEWS = YES;
				GENERATE_INFOPLIST_FILE = YES;
				"INFOPLIST_KEY_UIApplicationSceneManifest_Generation[sdk=iphoneos*]" = YES;
				"INFOPLIST_KEY_UIApplicationSceneManifest_Generation[sdk=iphonesimulator*]" = YES;
				"INFOPLIST_KEY_UIApplicationSupportsIndirectInputEvents[sdk=iphoneos*]" = YES;
				"INFOPLIST_KEY_UIApplicationSupportsIndirectInputEvents[sdk=iphonesimulator*]" = YES;
				"INFOPLIST_KEY_UILaunchScreen_Generation[sdk=iphoneos*]" = YES;
				"INFOPLIST_KEY_UILaunchScreen_Generation[sdk=iphonesimulator*]" = YES;
				"INFOPLIST_KEY_UIStatusBarStyle[sdk=iphoneos*]" = UIStatusBarStyleDefault;
				"INFOPLIST_KEY_UIStatusBarStyle[sdk=iphonesimulator*]" = UIStatusBarStyleDefault;
				INFOPLIST_KEY_UISupportedInterfaceOrientations_iPad = "UIInterfaceOrientationPortrait UIInterfaceOrientationPortraitUpsideDown UIInterfaceOrientationLandscapeLeft UIInterfaceOrientationLandscapeRight";
				INFOPLIST_KEY_UISupportedInterfaceOrientations_iPhone = "UIInterfaceOrientationPortrait UIInterfaceOrientationLandscapeLeft UIInterfaceOrientationLandscapeRight";
				IPHONEOS_DEPLOYMENT_TARGET = 16.4;
				LD_RUNPATH_SEARCH_PATHS = "@executable_path/Frameworks";
				"LD_RUNPATH_SEARCH_PATHS[sdk=macosx*]" = "@executable_path/../Frameworks";
				MACOSX_DEPLOYMENT_TARGET = 13.3;
				MARKETING_VERSION = 1.0;
				PRODUCT_BUNDLE_IDENTIFIER = ZSAM.ASHTWIN;
				PRODUCT_NAME = "$(TARGET_NAME)";
				SDKROOT = auto;
				SUPPORTED_PLATFORMS = "iphoneos iphonesimulator macosx";
				SWIFT_EMIT_LOC_STRINGS = YES;
				SWIFT_VERSION = 5.0;
				TARGETED_DEVICE_FAMILY = "1,2";
			};
			name = Debug;
		};
		91E338E32A20BE3D0064E095 /* Release */ = {
			isa = XCBuildConfiguration;
			buildSettings = {
				ASSETCATALOG_COMPILER_APPICON_NAME = AppIcon;
				ASSETCATALOG_COMPILER_GLOBAL_ACCENT_COLOR_NAME = AccentColor;
				CODE_SIGN_ENTITLEMENTS = ASHTWIN/ASHTWIN.entitlements;
				CODE_SIGN_STYLE = Automatic;
				CURRENT_PROJECT_VERSION = 1;
				DEVELOPMENT_ASSET_PATHS = "\"ASHTWIN/Preview Content\"";
				ENABLE_PREVIEWS = YES;
				GENERATE_INFOPLIST_FILE = YES;
				"INFOPLIST_KEY_UIApplicationSceneManifest_Generation[sdk=iphoneos*]" = YES;
				"INFOPLIST_KEY_UIApplicationSceneManifest_Generation[sdk=iphonesimulator*]" = YES;
				"INFOPLIST_KEY_UIApplicationSupportsIndirectInputEvents[sdk=iphoneos*]" = YES;
				"INFOPLIST_KEY_UIApplicationSupportsIndirectInputEvents[sdk=iphonesimulator*]" = YES;
				"INFOPLIST_KEY_UILaunchScreen_Generation[sdk=iphoneos*]" = YES;
				"INFOPLIST_KEY_UILaunchScreen_Generation[sdk=iphonesimulator*]" = YES;
				"INFOPLIST_KEY_UIStatusBarStyle[sdk=iphoneos*]" = UIStatusBarStyleDefault;
				"INFOPLIST_KEY_UIStatusBarStyle[sdk=iphonesimulator*]" = UIStatusBarStyleDefault;
				INFOPLIST_KEY_UISupportedInterfaceOrientations_iPad = "UIInterfaceOrientationPortrait UIInterfaceOrientationPortraitUpsideDown UIInterfaceOrientationLandscapeLeft UIInterfaceOrientationLandscapeRight";
				INFOPLIST_KEY_UISupportedInterfaceOrientations_iPhone = "UIInterfaceOrientationPortrait UIInterfaceOrientationLandscapeLeft UIInterfaceOrientationLandscapeRight";
				IPHONEOS_DEPLOYMENT_TARGET = 16.4;
				LD_RUNPATH_SEARCH_PATHS = "@executable_path/Frameworks";
				"LD_RUNPATH_SEARCH_PATHS[sdk=macosx*]" = "@executable_path/../Frameworks";
				MACOSX_DEPLOYMENT_TARGET = 13.3;
				MARKETING_VERSION = 1.0;
				PRODUCT_BUNDLE_IDENTIFIER = ZSAM.ASHTWIN;
				PRODUCT_NAME = "$(TARGET_NAME)";
				SDKROOT = auto;
				SUPPORTED_PLATFORMS = "iphoneos iphonesimulator macosx";
				SWIFT_EMIT_LOC_STRINGS = YES;
				SWIFT_VERSION = 5.0;
				TARGETED_DEVICE_FAMILY = "1,2";
			};
			name = Release;
		};
		91E338E52A20BE3D0064E095 /* Debug */ = {
			isa = XCBuildConfiguration;
			buildSettings = {
				ALWAYS_EMBED_SWIFT_STANDARD_LIBRARIES = YES;
				BUNDLE_LOADER = "$(TEST_HOST)";
				CODE_SIGN_STYLE = Automatic;
				CURRENT_PROJECT_VERSION = 1;
				GENERATE_INFOPLIST_FILE = YES;
				IPHONEOS_DEPLOYMENT_TARGET = 16.4;
				MACOSX_DEPLOYMENT_TARGET = 13.3;
				MARKETING_VERSION = 1.0;
				PRODUCT_BUNDLE_IDENTIFIER = ZSAM.ASHTWINTests;
				PRODUCT_NAME = "$(TARGET_NAME)";
				SDKROOT = auto;
				SUPPORTED_PLATFORMS = "iphoneos iphonesimulator macosx";
				SWIFT_EMIT_LOC_STRINGS = NO;
				SWIFT_VERSION = 5.0;
				TARGETED_DEVICE_FAMILY = "1,2";
				TEST_HOST = "$(BUILT_PRODUCTS_DIR)/ASHTWIN.app/$(BUNDLE_EXECUTABLE_FOLDER_PATH)/ASHTWIN";
			};
			name = Debug;
		};
		91E338E62A20BE3D0064E095 /* Release */ = {
			isa = XCBuildConfiguration;
			buildSettings = {
				ALWAYS_EMBED_SWIFT_STANDARD_LIBRARIES = YES;
				BUNDLE_LOADER = "$(TEST_HOST)";
				CODE_SIGN_STYLE = Automatic;
				CURRENT_PROJECT_VERSION = 1;
				GENERATE_INFOPLIST_FILE = YES;
				IPHONEOS_DEPLOYMENT_TARGET = 16.4;
				MACOSX_DEPLOYMENT_TARGET = 13.3;
				MARKETING_VERSION = 1.0;
				PRODUCT_BUNDLE_IDENTIFIER = ZSAM.ASHTWINTests;
				PRODUCT_NAME = "$(TARGET_NAME)";
				SDKROOT = auto;
				SUPPORTED_PLATFORMS = "iphoneos iphonesimulator macosx";
				SWIFT_EMIT_LOC_STRINGS = NO;
				SWIFT_VERSION = 5.0;
				TARGETED_DEVICE_FAMILY = "1,2";
				TEST_HOST = "$(BUILT_PRODUCTS_DIR)/ASHTWIN.app/$(BUNDLE_EXECUTABLE_FOLDER_PATH)/ASHTWIN";
			};
			name = Release;
		};
		91E338E82A20BE3D0064E095 /* Debug */ = {
			isa = XCBuildConfiguration;
			buildSettings = {
				ALWAYS_EMBED_SWIFT_STANDARD_LIBRARIES = YES;
				CODE_SIGN_STYLE = Automatic;
				CURRENT_PROJECT_VERSION = 1;
				GENERATE_INFOPLIST_FILE = YES;
				IPHONEOS_DEPLOYMENT_TARGET = 16.4;
				MACOSX_DEPLOYMENT_TARGET = 13.3;
				MARKETING_VERSION = 1.0;
				PRODUCT_BUNDLE_IDENTIFIER = ZSAM.ASHTWINUITests;
				PRODUCT_NAME = "$(TARGET_NAME)";
				SDKROOT = auto;
				SUPPORTED_PLATFORMS = "iphoneos iphonesimulator macosx";
				SWIFT_EMIT_LOC_STRINGS = NO;
				SWIFT_VERSION = 5.0;
				TARGETED_DEVICE_FAMILY = "1,2";
				TEST_TARGET_NAME = ASHTWIN;
			};
			name = Debug;
		};
		91E338E92A20BE3D0064E095 /* Release */ = {
			isa = XCBuildConfiguration;
			buildSettings = {
				ALWAYS_EMBED_SWIFT_STANDARD_LIBRARIES = YES;
				CODE_SIGN_STYLE = Automatic;
				CURRENT_PROJECT_VERSION = 1;
				GENERATE_INFOPLIST_FILE = YES;
				IPHONEOS_DEPLOYMENT_TARGET = 16.4;
				MACOSX_DEPLOYMENT_TARGET = 13.3;
				MARKETING_VERSION = 1.0;
				PRODUCT_BUNDLE_IDENTIFIER = ZSAM.ASHTWINUITests;
				PRODUCT_NAME = "$(TARGET_NAME)";
				SDKROOT = auto;
				SUPPORTED_PLATFORMS = "iphoneos iphonesimulator macosx";
				SWIFT_EMIT_LOC_STRINGS = NO;
				SWIFT_VERSION = 5.0;
				TARGETED_DEVICE_FAMILY = "1,2";
				TEST_TARGET_NAME = ASHTWIN;
			};
			name = Release;
		};
/* End XCBuildConfiguration section */

/* Begin XCConfigurationList section */
		91E338B72A20BE3C0064E095 /* Build configuration list for PBXProject "ASHTWIN" */ = {
			isa = XCConfigurationList;
			buildConfigurations = (
				91E338DF2A20BE3D0064E095 /* Debug */,
				91E338E02A20BE3D0064E095 /* Release */,
			);
			defaultConfigurationIsVisible = 0;
			defaultConfigurationName = Release;
		};
		91E338E12A20BE3D0064E095 /* Build configuration list for PBXNativeTarget "ASHTWIN" */ = {
			isa = XCConfigurationList;
			buildConfigurations = (
				91E338E22A20BE3D0064E095 /* Debug */,
				91E338E32A20BE3D0064E095 /* Release */,
			);
			defaultConfigurationIsVisible = 0;
			defaultConfigurationName = Release;
		};
		91E338E42A20BE3D0064E095 /* Build configuration list for PBXNativeTarget "ASHTWINTests" */ = {
			isa = XCConfigurationList;
			buildConfigurations = (
				91E338E52A20BE3D0064E095 /* Debug */,
				91E338E62A20BE3D0064E095 /* Release */,
			);
			defaultConfigurationIsVisible = 0;
			defaultConfigurationName = Release;
		};
		91E338E72A20BE3D0064E095 /* Build configuration list for PBXNativeTarget "ASHTWINUITests" */ = {
			isa = XCConfigurationList;
			buildConfigurations = (
				91E338E82A20BE3D0064E095 /* Debug */,
				91E338E92A20BE3D0064E095 /* Release */,
			);
			defaultConfigurationIsVisible = 0;
			defaultConfigurationName = Release;
		};
/* End XCConfigurationList section */
	};
	rootObject = 91E338B42A20BE3C0064E095 /* Project object */;
}
